
Microsoft Visual Studio Solution File, Format Version 12.00
# Visual Studio Version 16
VisualStudioVersion = 16.0.29123.88
MinimumVisualStudioVersion = 10.0.40219.1
Project("{888888A0-9F3D-457C-B088-3A5042F75D52}") = "DofLog", "DofLog\DofLog.pyproj", "{1701F27A-77D2-4989-8F58-39A21AA3CC44}"
EndProject
Global
	GlobalSection(SolutionConfigurationPlatforms) = preSolution
		Debug|Any CPU = Debug|Any CPU
		Release|Any CPU = Release|Any CPU
	EndGlobalSection
	GlobalSection(ProjectConfigurationPlatforms) = postSolution
		{1701F27A-77D2-4989-8F58-39A21AA3CC44}.Debug|Any CPU.ActiveCfg = Debug|Any CPU
		{1701F27A-77D2-4989-8F58-39A21AA3CC44}.Release|Any CPU.ActiveCfg = Release|Any CPU
	EndGlobalSection
	GlobalSection(SolutionProperties) = preSolution
		HideSolutionNode = FALSE
	EndGlobalSection
	GlobalSection(ExtensibilityGlobals) = postSolution
		SolutionGuid = {B746B1BB-1EFC-40F6-B543-D353C114EE46}
	EndGlobalSection
EndGlobal
